
Microsoft Visual Studio Solution File, Format Version 12.00
# Visual Studio Version 16
VisualStudioVersion = 16.0.30320.27
MinimumVisualStudioVersion = 10.0.40219.1
Project("{FAE04EC0-301F-11D3-BF4B-00C04F79EFBC}") = "MyWindow", "MyWindow.csproj", "{B853510B-E8F7-4C36-AAD8-C679876CD7FD}"
EndProject
Global
	GlobalSection(SolutionConfigurationPlatforms) = preSolution
		Debug|Any CPU = Debug|Any CPU
		Debug|x64 = Debug|x64
		Release|Any CPU = Release|Any CPU
		Release|x64 = Release|x64
	EndGlobalSection
	GlobalSection(ProjectConfigurationPlatforms) = postSolution
		{B853510B-E8F7-4C36-AAD8-C679876CD7FD}.Debug|Any CPU.ActiveCfg = Debug|Any CPU
		{B853510B-E8F7-4C36-AAD8-C679876CD7FD}.Debug|Any CPU.Build.0 = Debug|Any CPU
		{B853510B-E8F7-4C36-AAD8-C679876CD7FD}.Debug|x64.ActiveCfg = Debug|x64
		{B853510B-E8F7-4C36-AAD8-C679876CD7FD}.Debug|x64.Build.0 = Debug|x64
		{B853510B-E8F7-4C36-AAD8-C679876CD7FD}.Release|Any CPU.ActiveCfg = Release|Any CPU
		{B853510B-E8F7-4C36-AAD8-C679876CD7FD}.Release|Any CPU.Build.0 = Release|Any CPU
		{B853510B-E8F7-4C36-AAD8-C679876CD7FD}.Release|x64.ActiveCfg = Release|x64
		{B853510B-E8F7-4C36-AAD8-C679876CD7FD}.Release|x64.Build.0 = Release|x64
	EndGlobalSection
	GlobalSection(SolutionProperties) = preSolution
		HideSolutionNode = FALSE
	EndGlobalSection
	GlobalSection(ExtensibilityGlobals) = postSolution
		SolutionGuid = {72DAA215-B32D-467A-BA1E-819E20B4D43D}
	EndGlobalSection
EndGlobal
